[{<<"base16">>,
  {git,"git://github.com/goj/base16.git",
       {ref,"ec420aa4ce0fb971f155274c606e00188a2ed37d"}},
  1},
 {<<"escalus">>,
  {git,"git://github.com/esl/escalus.git",
       {ref,"a9d13d7cb62b9bf4daafe2ff5756ebb08eb9a6a6"}},
  0},
 {<<"exml">>,
  {git,"git://github.com/esl/exml.git",
       {ref,"06e743197a519e86e7faef6b938e09e80cddeaa3"}},
  0},
 {<<"fusco">>,
  {git,"git://github.com/esl/fusco.git",
       {ref,"0a428471aefb3a38207c2141249181e6c018e565"}},
  1},
 {<<"hamcrest">>,
  {git,"https://github.com/basho/hamcrest-erlang.git",
       {ref,"98bc7aa19ea081478c816824aa05fc5a48acae66"}},
  2},
 {<<"meck">>,
  {git,"git://github.com/eproxus/meck.git",
       {ref,"dde759050eff19a1a80fd854d7375174b191665d"}},
  1},
 {<<"mustache">>,
  {git,"git://github.com/mojombo/mustache.erl.git",
       {ref,"d0246fe143058b6404f66cf99fece3ff6e87b7ed"}},
  1},
 {<<"wsecli">>,
  {git,"git://github.com/esl/wsecli.git",
       {ref,"a89054cf71c5ee9e780998e5acb2a78fd3419dd9"}},
  1},
 {<<"wsock">>,
  {git,"https://github.com/esl/wsock",
       {ref,"251e18b80c018bb5a6e2f1bbd9bcfcc92e1d9383"}},
  2}].
